
Microsoft Visual Studio Solution File, Format Version 12.00
# Visual Studio 15
VisualStudioVersion = 15.0.28307.168
MinimumVisualStudioVersion = 10.0.40219.1
Project("{FAE04EC0-301F-11D3-BF4B-00C04F79EFBC}") = "text_redaktor", "text_redaktor\text_redaktor.csproj", "{EA8ECFBC-0FE2-4FB9-A9D3-BD5EB9C6CADF}"
EndProject
Global
	GlobalSection(SolutionConfigurationPlatforms) = preSolution
		Debug|Any CPU = Debug|Any CPU
		Release|Any CPU = Release|Any CPU
	EndGlobalSection
	GlobalSection(ProjectConfigurationPlatforms) = postSolution
		{EA8ECFBC-0FE2-4FB9-A9D3-BD5EB9C6CADF}.Debug|Any CPU.ActiveCfg = Debug|Any CPU
		{EA8ECFBC-0FE2-4FB9-A9D3-BD5EB9C6CADF}.Debug|Any CPU.Build.0 = Debug|Any CPU
		{EA8ECFBC-0FE2-4FB9-A9D3-BD5EB9C6CADF}.Release|Any CPU.ActiveCfg = Release|Any CPU
		{EA8ECFBC-0FE2-4FB9-A9D3-BD5EB9C6CADF}.Release|Any CPU.Build.0 = Release|Any CPU
	EndGlobalSection
	GlobalSection(SolutionProperties) = preSolution
		HideSolutionNode = FALSE
	EndGlobalSection
	GlobalSection(ExtensibilityGlobals) = postSolution
		SolutionGuid = {D2722708-BEF9-41E8-B5F9-A3BAA9884E9A}
	EndGlobalSection
EndGlobal
